// !$*UTF8*$!
{
	archiveVersion = 1;
	classes = {
	};
	objectVersion = 55;
	objects = {

/* Begin PBXBuildFile section */
		8612D023A32D49C856FADB77 /* Pods_BudgetManager.framework in Frameworks */ = {isa = PBXBuildFile; fileRef = E28130D993DF4B6F8C6A36E0 /* Pods_BudgetManager.framework */; };
		881897BC275FACDB0058175A /* DetailImageViewController.swift in Sources */ = {isa = PBXBuildFile; fileRef = 881897BB275FACDB0058175A /* DetailImageViewController.swift */; };
		881E214D2755EF18002E1D13 /* SettingPViewController.swift in Sources */ = {isa = PBXBuildFile; fileRef = 881E214C2755EF18002E1D13 /* SettingPViewController.swift */; };
		881E214F2755F09B002E1D13 /* SettingTableViewCell.swift in Sources */ = {isa = PBXBuildFile; fileRef = 881E214E2755F09B002E1D13 /* SettingTableViewCell.swift */; };
		882188852760EB2000431789 /* Zip in Frameworks */ = {isa = PBXBuildFile; productRef = 882188842760EB2000431789 /* Zip */; };
		88434CC527671670006A4257 /* GoogleService-Info.plist in Resources */ = {isa = PBXBuildFile; fileRef = 88434CC427671670006A4257 /* GoogleService-Info.plist */; };
		884BF004274CA42500FA3504 /* DetailViewController.swift in Sources */ = {isa = PBXBuildFile; fileRef = 884BF003274CA42500FA3504 /* DetailViewController.swift */; };
		884FAAB6274A6D4B009F4A6A /* BudgetModel.swift in Sources */ = {isa = PBXBuildFile; fileRef = 884FAAB5274A6D4B009F4A6A /* BudgetModel.swift */; };
		886FD8B4275B80D20078020E /* extension  + DateForematter.swift in Sources */ = {isa = PBXBuildFile; fileRef = 886FD8B3275B80D20078020E /* extension  + DateForematter.swift */; };
		886FD8B6275B811B0078020E /* extension + Int.swift in Sources */ = {isa = PBXBuildFile; fileRef = 886FD8B5275B811B0078020E /* extension + Int.swift */; };
		886FD8B9275B932C0078020E /* Data.swift in Sources */ = {isa = PBXBuildFile; fileRef = 886FD8B8275B932C0078020E /* Data.swift */; };
		8885D4E127489C1800A5EC57 /* Charts in Frameworks */ = {isa = PBXBuildFile; productRef = 8885D4E027489C1800A5EC57 /* Charts */; };
		888B3DE52761E36D001F3214 /* SuccessViewController.swift in Sources */ = {isa = PBXBuildFile; fileRef = 888B3DE42761E36D001F3214 /* SuccessViewController.swift */; };
		889FC8C82744DCAF00F16ADF /* AppDelegate.swift in Sources */ = {isa = PBXBuildFile; fileRef = 889FC8C72744DCAF00F16ADF /* AppDelegate.swift */; };
		889FC8CA2744DCAF00F16ADF /* SceneDelegate.swift in Sources */ = {isa = PBXBuildFile; fileRef = 889FC8C92744DCAF00F16ADF /* SceneDelegate.swift */; };
		889FC8CC2744DCAF00F16ADF /* ViewController.swift in Sources */ = {isa = PBXBuildFile; fileRef = 889FC8CB2744DCAF00F16ADF /* ViewController.swift */; };
		889FC8CF2744DCAF00F16ADF /* Main.storyboard in Resources */ = {isa = PBXBuildFile; fileRef = 889FC8CD2744DCAF00F16ADF /* Main.storyboard */; };
		889FC8D12744DCB200F16ADF /* Assets.xcassets in Resources */ = {isa = PBXBuildFile; fileRef = 889FC8D02744DCB200F16ADF /* Assets.xcassets */; };
		889FC8D42744DCB200F16ADF /* LaunchScreen.storyboard in Resources */ = {isa = PBXBuildFile; fileRef = 889FC8D22744DCB200F16ADF /* LaunchScreen.storyboard */; };
		88A091352748F46A00DE4E95 /* ExpenseTableViewCell.swift in Sources */ = {isa = PBXBuildFile; fileRef = 88A091332748F46900DE4E95 /* ExpenseTableViewCell.swift */; };
		88A091362748F46A00DE4E95 /* ExpenseTableViewCell.xib in Resources */ = {isa = PBXBuildFile; fileRef = 88A091342748F46900DE4E95 /* ExpenseTableViewCell.xib */; };
		88B3BABD274637AC00ECB3EB /* CalendarSB.storyboard in Resources */ = {isa = PBXBuildFile; fileRef = 88B3BABC274637AC00ECB3EB /* CalendarSB.storyboard */; };
		88B3BABF274637BE00ECB3EB /* MonthlyReportSB.storyboard in Resources */ = {isa = PBXBuildFile; fileRef = 88B3BABE274637BE00ECB3EB /* MonthlyReportSB.storyboard */; };
		88B3BAC1274637CC00ECB3EB /* SettingSB.storyboard in Resources */ = {isa = PBXBuildFile; fileRef = 88B3BAC0274637CC00ECB3EB /* SettingSB.storyboard */; };
		88B3BAC42746380A00ECB3EB /* CalendarViewController.swift in Sources */ = {isa = PBXBuildFile; fileRef = 88B3BAC32746380A00ECB3EB /* CalendarViewController.swift */; };
		88B3BAC62746382100ECB3EB /* MonthlyReportViewController.swift in Sources */ = {isa = PBXBuildFile; fileRef = 88B3BAC52746382100ECB3EB /* MonthlyReportViewController.swift */; };
		88B3BACA27463D9F00ECB3EB /* AddExpenseViewController.swift in Sources */ = {isa = PBXBuildFile; fileRef = 88B3BAC927463D9F00ECB3EB /* AddExpenseViewController.swift */; };
		88B3BACD27463EE700ECB3EB /* FSCalendar in Frameworks */ = {isa = PBXBuildFile; productRef = 88B3BACC27463EE700ECB3EB /* FSCalendar */; };
		88B3BAD027463EF500ECB3EB /* Alamofire in Frameworks */ = {isa = PBXBuildFile; productRef = 88B3BACF27463EF500ECB3EB /* Alamofire */; };
		88B3BAD327463F0200ECB3EB /* SwiftyJSON in Frameworks */ = {isa = PBXBuildFile; productRef = 88B3BAD227463F0200ECB3EB /* SwiftyJSON */; };
		88B3BAD627463F2B00ECB3EB /* Realm in Frameworks */ = {isa = PBXBuildFile; productRef = 88B3BAD527463F2B00ECB3EB /* Realm */; };
		88B3BAD827463F2B00ECB3EB /* RealmSwift in Frameworks */ = {isa = PBXBuildFile; productRef = 88B3BAD727463F2B00ECB3EB /* RealmSwift */; };
		88B3BADA27466A0900ECB3EB /* MainCollectionViewCell.swift in Sources */ = {isa = PBXBuildFile; fileRef = 88B3BAD927466A0900ECB3EB /* MainCollectionViewCell.swift */; };
		88C078D22747D0D800CF0900 /* CategoryPopUpViewController.swift in Sources */ = {isa = PBXBuildFile; fileRef = 88C078D12747D0D800CF0900 /* CategoryPopUpViewController.swift */; };
		88CF44EF274DF31B00F67A06 /* DatePickerViewController.swift in Sources */ = {isa = PBXBuildFile; fileRef = 88CF44EE274DF31A00F67A06 /* DatePickerViewController.swift */; };
		88CF44F1274E4DAC00F67A06 /* SettingTableViewController.swift in Sources */ = {isa = PBXBuildFile; fileRef = 88CF44F0274E4DAC00F67A06 /* SettingTableViewController.swift */; };
		88CF44F3274E512800F67A06 /* SearchViewController.swift in Sources */ = {isa = PBXBuildFile; fileRef = 88CF44F2274E512800F67A06 /* SearchViewController.swift */; };
		88D4F35B27538BF3000E807E /* IQKeyboardManagerSwift in Frameworks */ = {isa = PBXBuildFile; productRef = 88D4F35A27538BF3000E807E /* IQKeyboardManagerSwift */; };
/* End PBXBuildFile section */

/* Begin PBXFileReference section */
		6A35960D5FBE6DB9E81229BD /* Pods-BudgetManager.release.xcconfig */ = {isa = PBXFileReference; includeInIndex = 1; lastKnownFileType = text.xcconfig; name = "Pods-BudgetManager.release.xcconfig"; path = "Target Support Files/Pods-BudgetManager/Pods-BudgetManager.release.xcconfig"; sourceTree = "<group>"; };
		881897BB275FACDB0058175A /* DetailImageViewController.swift */ = {isa = PBXFileReference; lastKnownFileType = sourcecode.swift; path = DetailImageViewController.swift; sourceTree = "<group>"; };
		881E214C2755EF18002E1D13 /* SettingPViewController.swift */ = {isa = PBXFileReference; lastKnownFileType = sourcecode.swift; path = SettingPViewController.swift; sourceTree = "<group>"; };
		881E214E2755F09B002E1D13 /* SettingTableViewCell.swift */ = {isa = PBXFileReference; lastKnownFileType = sourcecode.swift; path = SettingTableViewCell.swift; sourceTree = "<group>"; };
		88434CC427671670006A4257 /* GoogleService-Info.plist */ = {isa = PBXFileReference; fileEncoding = 4; lastKnownFileType = text.plist.xml; path = "GoogleService-Info.plist"; sourceTree = "<group>"; };
		884BF003274CA42500FA3504 /* DetailViewController.swift */ = {isa = PBXFileReference; lastKnownFileType = sourcecode.swift; path = DetailViewController.swift; sourceTree = "<group>"; };
		884FAAB5274A6D4B009F4A6A /* BudgetModel.swift */ = {isa = PBXFileReference; lastKnownFileType = sourcecode.swift; path = BudgetModel.swift; sourceTree = "<group>"; };
		886FD8B3275B80D20078020E /* extension  + DateForematter.swift */ = {isa = PBXFileReference; lastKnownFileType = sourcecode.swift; path = "extension  + DateForematter.swift"; sourceTree = "<group>"; };
		886FD8B5275B811B0078020E /* extension + Int.swift */ = {isa = PBXFileReference; lastKnownFileType = sourcecode.swift; path = "extension + Int.swift"; sourceTree = "<group>"; };
		886FD8B8275B932C0078020E /* Data.swift */ = {isa = PBXFileReference; lastKnownFileType = sourcecode.swift; path = Data.swift; sourceTree = "<group>"; };
		888B3DE42761E36D001F3214 /* SuccessViewController.swift */ = {isa = PBXFileReference; lastKnownFileType = sourcecode.swift; path = SuccessViewController.swift; sourceTree = "<group>"; };
		889FC8C42744DCAF00F16ADF /* BudgetManager.app */ = {isa = PBXFileReference; explicitFileType = wrapper.application; includeInIndex = 0; path = BudgetManager.app; sourceTree = BUILT_PRODUCTS_DIR; };
		889FC8C72744DCAF00F16ADF /* AppDelegate.swift */ = {isa = PBXFileReference; lastKnownFileType = sourcecode.swift; path = AppDelegate.swift; sourceTree = "<group>"; };
		889FC8C92744DCAF00F16ADF /* SceneDelegate.swift */ = {isa = PBXFileReference; lastKnownFileType = sourcecode.swift; path = SceneDelegate.swift; sourceTree = "<group>"; };
		889FC8CB2744DCAF00F16ADF /* ViewController.swift */ = {isa = PBXFileReference; lastKnownFileType = sourcecode.swift; path = ViewController.swift; sourceTree = "<group>"; };
		889FC8CE2744DCAF00F16ADF /* Base */ = {isa = PBXFileReference; lastKnownFileType = file.storyboard; name = Base; path = Base.lproj/Main.storyboard; sourceTree = "<group>"; };
		889FC8D02744DCB200F16ADF /* Assets.xcassets */ = {isa = PBXFileReference; lastKnownFileType = folder.assetcatalog; path = Assets.xcassets; sourceTree = "<group>"; };
		889FC8D32744DCB200F16ADF /* Base */ = {isa = PBXFileReference; lastKnownFileType = file.storyboard; name = Base; path = Base.lproj/LaunchScreen.storyboard; sourceTree = "<group>"; };
		889FC8D52744DCB200F16ADF /* Info.plist */ = {isa = PBXFileReference; lastKnownFileType = text.plist.xml; path = Info.plist; sourceTree = "<group>"; };
		88A091332748F46900DE4E95 /* ExpenseTableViewCell.swift */ = {isa = PBXFileReference; lastKnownFileType = sourcecode.swift; path = ExpenseTableViewCell.swift; sourceTree = "<group>"; };
		88A091342748F46900DE4E95 /* ExpenseTableViewCell.xib */ = {isa = PBXFileReference; lastKnownFileType = file.xib; path = ExpenseTableViewCell.xib; sourceTree = "<group>"; };
		88B3BABC274637AC00ECB3EB /* CalendarSB.storyboard */ = {isa = PBXFileReference; lastKnownFileType = file.storyboard; path = CalendarSB.storyboard; sourceTree = "<group>"; };
		88B3BABE274637BE00ECB3EB /* MonthlyReportSB.storyboard */ = {isa = PBXFileReference; lastKnownFileType = file.storyboard; path = MonthlyReportSB.storyboard; sourceTree = "<group>"; };
		88B3BAC0274637CC00ECB3EB /* SettingSB.storyboard */ = {isa = PBXFileReference; lastKnownFileType = file.storyboard; path = SettingSB.storyboard; sourceTree = "<group>"; };
		88B3BAC32746380A00ECB3EB /* CalendarViewController.swift */ = {isa = PBXFileReference; lastKnownFileType = sourcecode.swift; path = CalendarViewController.swift; sourceTree = "<group>"; };
		88B3BAC52746382100ECB3EB /* MonthlyReportViewController.swift */ = {isa = PBXFileReference; lastKnownFileType = sourcecode.swift; path = MonthlyReportViewController.swift; sourceTree = "<group>"; };
		88B3BAC927463D9F00ECB3EB /* AddExpenseViewController.swift */ = {isa = PBXFileReference; lastKnownFileType = sourcecode.swift; path = AddExpenseViewController.swift; sourceTree = "<group>"; };
		88B3BAD927466A0900ECB3EB /* MainCollectionViewCell.swift */ = {isa = PBXFileReference; lastKnownFileType = sourcecode.swift; path = MainCollectionViewCell.swift; sourceTree = "<group>"; };
		88C078D12747D0D800CF0900 /* CategoryPopUpViewController.swift */ = {isa = PBXFileReference; lastKnownFileType = sourcecode.swift; path = CategoryPopUpViewController.swift; sourceTree = "<group>"; };
		88CF44EE274DF31A00F67A06 /* DatePickerViewController.swift */ = {isa = PBXFileReference; lastKnownFileType = sourcecode.swift; path = DatePickerViewController.swift; sourceTree = "<group>"; };
		88CF44F0274E4DAC00F67A06 /* SettingTableViewController.swift */ = {isa = PBXFileReference; lastKnownFileType = sourcecode.swift; path = SettingTableViewController.swift; sourceTree = "<group>"; };
		88CF44F2274E512800F67A06 /* SearchViewController.swift */ = {isa = PBXFileReference; lastKnownFileType = sourcecode.swift; path = SearchViewController.swift; sourceTree = "<group>"; };
		E28130D993DF4B6F8C6A36E0 /* Pods_BudgetManager.framework */ = {isa = PBXFileReference; explicitFileType = wrapper.framework; includeInIndex = 0; path = Pods_BudgetManager.framework; sourceTree = BUILT_PRODUCTS_DIR; };
		F4A3E09FB31EA220BE00D338 /* Pods-BudgetManager.debug.xcconfig */ = {isa = PBXFileReference; includeInIndex = 1; lastKnownFileType = text.xcconfig; name = "Pods-BudgetManager.debug.xcconfig"; path = "Target Support Files/Pods-BudgetManager/Pods-BudgetManager.debug.xcconfig"; sourceTree = "<group>"; };
/* End PBXFileReference section */

/* Begin PBXFrameworksBuildPhase section */
		889FC8C12744DCAF00F16ADF /* Frameworks */ = {
			isa = PBXFrameworksBuildPhase;
			buildActionMask = 2147483647;
			files = (
				882188852760EB2000431789 /* Zip in Frameworks */,
				88B3BAD327463F0200ECB3EB /* SwiftyJSON in Frameworks */,
				88D4F35B27538BF3000E807E /* IQKeyboardManagerSwift in Frameworks */,
				8885D4E127489C1800A5EC57 /* Charts in Frameworks */,
				88B3BACD27463EE700ECB3EB /* FSCalendar in Frameworks */,
				88B3BAD627463F2B00ECB3EB /* Realm in Frameworks */,
				88B3BAD827463F2B00ECB3EB /* RealmSwift in Frameworks */,
				88B3BAD027463EF500ECB3EB /* Alamofire in Frameworks */,
				8612D023A32D49C856FADB77 /* Pods_BudgetManager.framework in Frameworks */,
			);
			runOnlyForDeploymentPostprocessing = 0;
		};
/* End PBXFrameworksBuildPhase section */

/* Begin PBXGroup section */
		04FF00ED21A5700BC75D1238 /* Pods */ = {
			isa = PBXGroup;
			children = (
				F4A3E09FB31EA220BE00D338 /* Pods-BudgetManager.debug.xcconfig */,
				6A35960D5FBE6DB9E81229BD /* Pods-BudgetManager.release.xcconfig */,
			);
			path = Pods;
			sourceTree = "<group>";
		};
		452E42C12D863A35452A5951 /* Frameworks */ = {
			isa = PBXGroup;
			children = (
				E28130D993DF4B6F8C6A36E0 /* Pods_BudgetManager.framework */,
			);
			name = Frameworks;
			sourceTree = "<group>";
		};
		884FAAB4274A6892009F4A6A /* Realm */ = {
			isa = PBXGroup;
			children = (
				884FAAB5274A6D4B009F4A6A /* BudgetModel.swift */,
			);
			path = Realm;
			sourceTree = "<group>";
		};
		886FD8B7275B81220078020E /* Extensions */ = {
			isa = PBXGroup;
			children = (
				886FD8B5275B811B0078020E /* extension + Int.swift */,
				886FD8B3275B80D20078020E /* extension  + DateForematter.swift */,
			);
			path = Extensions;
			sourceTree = "<group>";
		};
		889FC8BB2744DCAF00F16ADF = {
			isa = PBXGroup;
			children = (
				889FC8C62744DCAF00F16ADF /* BudgetManager */,
				889FC8C52744DCAF00F16ADF /* Products */,
				04FF00ED21A5700BC75D1238 /* Pods */,
				452E42C12D863A35452A5951 /* Frameworks */,
			);
			sourceTree = "<group>";
		};
		889FC8C52744DCAF00F16ADF /* Products */ = {
			isa = PBXGroup;
			children = (
				889FC8C42744DCAF00F16ADF /* BudgetManager.app */,
			);
			name = Products;
			sourceTree = "<group>";
		};
		889FC8C62744DCAF00F16ADF /* BudgetManager */ = {
			isa = PBXGroup;
			children = (
				88434CC427671670006A4257 /* GoogleService-Info.plist */,
				884FAAB4274A6892009F4A6A /* Realm */,
				88B0E9572753CAE0004F5017 /* Main Sb */,
				88B0E9582753CAF5004F5017 /* Calendar Sb */,
				88B0E95A2753CB2B004F5017 /* MonthlyReport Sb */,
				88B0E9592753CB1C004F5017 /* Setting Sb */,
				889FC8C72744DCAF00F16ADF /* AppDelegate.swift */,
				88B3BAC2274637E700ECB3EB /* Supporting Files */,
				889FC8D52744DCB200F16ADF /* Info.plist */,
				88A091332748F46900DE4E95 /* ExpenseTableViewCell.swift */,
				88A091342748F46900DE4E95 /* ExpenseTableViewCell.xib */,
				886FD8B7275B81220078020E /* Extensions */,
				886FD8B8275B932C0078020E /* Data.swift */,
			);
			path = BudgetManager;
			sourceTree = "<group>";
		};
		88B0E9572753CAE0004F5017 /* Main Sb */ = {
			isa = PBXGroup;
			children = (
				88B3BAD927466A0900ECB3EB /* MainCollectionViewCell.swift */,
				889FC8CD2744DCAF00F16ADF /* Main.storyboard */,
				88C078D12747D0D800CF0900 /* CategoryPopUpViewController.swift */,
				88B3BAC927463D9F00ECB3EB /* AddExpenseViewController.swift */,
				889FC8CB2744DCAF00F16ADF /* ViewController.swift */,
			);
			path = "Main Sb";
			sourceTree = "<group>";
		};
		88B0E9582753CAF5004F5017 /* Calendar Sb */ = {
			isa = PBXGroup;
			children = (
				88B3BABC274637AC00ECB3EB /* CalendarSB.storyboard */,
				88B3BAC32746380A00ECB3EB /* CalendarViewController.swift */,
				884BF003274CA42500FA3504 /* DetailViewController.swift */,
				881897BB275FACDB0058175A /* DetailImageViewController.swift */,
			);
			path = "Calendar Sb";
			sourceTree = "<group>";
		};
		88B0E9592753CB1C004F5017 /* Setting Sb */ = {
			isa = PBXGroup;
			children = (
				88CF44F2274E512800F67A06 /* SearchViewController.swift */,
				881E214E2755F09B002E1D13 /* SettingTableViewCell.swift */,
				88B3BAC0274637CC00ECB3EB /* SettingSB.storyboard */,
				881E214C2755EF18002E1D13 /* SettingPViewController.swift */,
				88CF44F0274E4DAC00F67A06 /* SettingTableViewController.swift */,
				888B3DE42761E36D001F3214 /* SuccessViewController.swift */,
			);
			path = "Setting Sb";
			sourceTree = "<group>";
		};
		88B0E95A2753CB2B004F5017 /* MonthlyReport Sb */ = {
			isa = PBXGroup;
			children = (
				88B3BABE274637BE00ECB3EB /* MonthlyReportSB.storyboard */,
				88CF44EE274DF31A00F67A06 /* DatePickerViewController.swift */,
				88B3BAC52746382100ECB3EB /* MonthlyReportViewController.swift */,
			);
			path = "MonthlyReport Sb";
			sourceTree = "<group>";
		};
		88B3BAC2274637E700ECB3EB /* Supporting Files */ = {
			isa = PBXGroup;
			children = (
				889FC8D02744DCB200F16ADF /* Assets.xcassets */,
				889FC8D22744DCB200F16ADF /* LaunchScreen.storyboard */,
				889FC8C92744DCAF00F16ADF /* SceneDelegate.swift */,
			);
			path = "Supporting Files";
			sourceTree = "<group>";
		};
/* End PBXGroup section */

/* Begin PBXNativeTarget section */
		889FC8C32744DCAF00F16ADF /* BudgetManager */ = {
			isa = PBXNativeTarget;
			buildConfigurationList = 889FC8D82744DCB200F16ADF /* Build configuration list for PBXNativeTarget "BudgetManager" */;
			buildPhases = (
				1ECA610738E33F494BDA59BB /* [CP] Check Pods Manifest.lock */,
				889FC8C02744DCAF00F16ADF /* Sources */,
				889FC8C12744DCAF00F16ADF /* Frameworks */,
				889FC8C22744DCAF00F16ADF /* Resources */,
				8850E96C27672DD80048C6E4 /* ShellScript */,
				D3B6A947C362D910F2CD457E /* [CP] Embed Pods Frameworks */,
			);
			buildRules = (
			);
			dependencies = (
			);
			name = BudgetManager;
			packageProductDependencies = (
				88B3BACC27463EE700ECB3EB /* FSCalendar */,
				88B3BACF27463EF500ECB3EB /* Alamofire */,
				88B3BAD227463F0200ECB3EB /* SwiftyJSON */,
				88B3BAD527463F2B00ECB3EB /* Realm */,
				88B3BAD727463F2B00ECB3EB /* RealmSwift */,
				8885D4E027489C1800A5EC57 /* Charts */,
				88D4F35A27538BF3000E807E /* IQKeyboardManagerSwift */,
				882188842760EB2000431789 /* Zip */,
			);
			productName = BudgetManager;
			productReference = 889FC8C42744DCAF00F16ADF /* BudgetManager.app */;
			productType = "com.apple.product-type.application";
		};
/* End PBXNativeTarget section */

/* Begin PBXProject section */
		889FC8BC2744DCAF00F16ADF /* Project object */ = {
			isa = PBXProject;
			attributes = {
				BuildIndependentTargetsInParallel = 1;
				LastSwiftUpdateCheck = 1300;
				LastUpgradeCheck = 1300;
				TargetAttributes = {
					889FC8C32744DCAF00F16ADF = {
						CreatedOnToolsVersion = 13.0;
					};
				};
			};
			buildConfigurationList = 889FC8BF2744DCAF00F16ADF /* Build configuration list for PBXProject "BudgetManager" */;
			compatibilityVersion = "Xcode 13.0";
			developmentRegion = en;
			hasScannedForEncodings = 0;
			knownRegions = (
				en,
				Base,
			);
			mainGroup = 889FC8BB2744DCAF00F16ADF;
			packageReferences = (
				88B3BACB27463EE700ECB3EB /* XCRemoteSwiftPackageReference "FSCalendar" */,
				88B3BACE27463EF500ECB3EB /* XCRemoteSwiftPackageReference "Alamofire" */,
				88B3BAD127463F0200ECB3EB /* XCRemoteSwiftPackageReference "SwiftyJSON" */,
				88B3BAD427463F2B00ECB3EB /* XCRemoteSwiftPackageReference "realm-cocoa" */,
				8885D4DF27489C1800A5EC57 /* XCRemoteSwiftPackageReference "Charts" */,
				88D4F35927538BF3000E807E /* XCRemoteSwiftPackageReference "IQKeyboardManager" */,
				882188832760EB2000431789 /* XCRemoteSwiftPackageReference "Zip" */,
			);
			productRefGroup = 889FC8C52744DCAF00F16ADF /* Products */;
			projectDirPath = "";
			projectRoot = "";
			targets = (
				889FC8C32744DCAF00F16ADF /* BudgetManager */,
			);
		};
/* End PBXProject section */

/* Begin PBXResourcesBuildPhase section */
		889FC8C22744DCAF00F16ADF /* Resources */ = {
			isa = PBXResourcesBuildPhase;
			buildActionMask = 2147483647;
			files = (
				889FC8D42744DCB200F16ADF /* LaunchScreen.storyboard in Resources */,
				88434CC527671670006A4257 /* GoogleService-Info.plist in Resources */,
				889FC8D12744DCB200F16ADF /* Assets.xcassets in Resources */,
				88B3BABF274637BE00ECB3EB /* MonthlyReportSB.storyboard in Resources */,
				88A091362748F46A00DE4E95 /* ExpenseTableViewCell.xib in Resources */,
				889FC8CF2744DCAF00F16ADF /* Main.storyboard in Resources */,
				88B3BAC1274637CC00ECB3EB /* SettingSB.storyboard in Resources */,
				88B3BABD274637AC00ECB3EB /* CalendarSB.storyboard in Resources */,
			);
			runOnlyForDeploymentPostprocessing = 0;
		};
/* End PBXResourcesBuildPhase section */

/* Begin PBXShellScriptBuildPhase section */
		1ECA610738E33F494BDA59BB /* [CP] Check Pods Manifest.lock */ = {
			isa = PBXShellScriptBuildPhase;
			buildActionMask = 2147483647;
			files = (
			);
			inputFileListPaths = (
			);
			inputPaths = (
				"${PODS_PODFILE_DIR_PATH}/Podfile.lock",
				"${PODS_ROOT}/Manifest.lock",
			);
			name = "[CP] Check Pods Manifest.lock";
			outputFileListPaths = (
			);
			outputPaths = (
				"$(DERIVED_FILE_DIR)/Pods-BudgetManager-checkManifestLockResult.txt",
			);
			runOnlyForDeploymentPostprocessing = 0;
			shellPath = /bin/sh;
			shellScript = "diff \"${PODS_PODFILE_DIR_PATH}/Podfile.lock\" \"${PODS_ROOT}/Manifest.lock\" > /dev/null\nif [ $? != 0 ] ; then\n    # print error to STDERR\n    echo \"error: The sandbox is not in sync with the Podfile.lock. Run 'pod install' or update your CocoaPods installation.\" >&2\n    exit 1\nfi\n# This output is used by Xcode 'outputs' to avoid re-running this script phase.\necho \"SUCCESS\" > \"${SCRIPT_OUTPUT_FILE_0}\"\n";
			showEnvVarsInLog = 0;
		};
		8850E96C27672DD80048C6E4 /* ShellScript */ = {
			isa = PBXShellScriptBuildPhase;
			buildActionMask = 2147483647;
			files = (
			);
			inputFileListPaths = (
			);
			inputPaths = (
				"${DWARF_DSYM_FOLDER_PATH}/${DWARF_DSYM_FILE_NAME}/Contents/Resources/DWARF/${TARGET_NAME}",
				"$(SRCROOT)/$(BUILT_PRODUCTS_DIR)/$(INFOPLIST_PATH)",
			);
			outputFileListPaths = (
			);
			outputPaths = (
			);
			runOnlyForDeploymentPostprocessing = 0;
			shellPath = /bin/sh;
			shellScript = "# Type a script or drag a script file from your workspace to insert its path.\n\"${PODS_ROOT}/FirebaseCrashlytics/run\"\n\n\n";
		};
		D3B6A947C362D910F2CD457E /* [CP] Embed Pods Frameworks */ = {
			isa = PBXShellScriptBuildPhase;
			buildActionMask = 2147483647;
			files = (
			);
			inputFileListPaths = (
				"${PODS_ROOT}/Target Support Files/Pods-BudgetManager/Pods-BudgetManager-frameworks-${CONFIGURATION}-input-files.xcfilelist",
			);
			name = "[CP] Embed Pods Frameworks";
			outputFileListPaths = (
				"${PODS_ROOT}/Target Support Files/Pods-BudgetManager/Pods-BudgetManager-frameworks-${CONFIGURATION}-output-files.xcfilelist",
			);
			runOnlyForDeploymentPostprocessing = 0;
			shellPath = /bin/sh;
			shellScript = "\"${PODS_ROOT}/Target Support Files/Pods-BudgetManager/Pods-BudgetManager-frameworks.sh\"\n";
			showEnvVarsInLog = 0;
		};
/* End PBXShellScriptBuildPhase section */

/* Begin PBXSourcesBuildPhase section */
		889FC8C02744DCAF00F16ADF /* Sources */ = {
			isa = PBXSourcesBuildPhase;
			buildActionMask = 2147483647;
			files = (
				88CF44F3274E512800F67A06 /* SearchViewController.swift in Sources */,
				888B3DE52761E36D001F3214 /* SuccessViewController.swift in Sources */,
				881E214D2755EF18002E1D13 /* SettingPViewController.swift in Sources */,
				88CF44F1274E4DAC00F67A06 /* SettingTableViewController.swift in Sources */,
				884BF004274CA42500FA3504 /* DetailViewController.swift in Sources */,
				88A091352748F46A00DE4E95 /* ExpenseTableViewCell.swift in Sources */,
				88CF44EF274DF31B00F67A06 /* DatePickerViewController.swift in Sources */,
				881E214F2755F09B002E1D13 /* SettingTableViewCell.swift in Sources */,
				88B3BAC42746380A00ECB3EB /* CalendarViewController.swift in Sources */,
				889FC8CC2744DCAF00F16ADF /* ViewController.swift in Sources */,
				886FD8B4275B80D20078020E /* extension  + DateForematter.swift in Sources */,
				889FC8C82744DCAF00F16ADF /* AppDelegate.swift in Sources */,
				886FD8B6275B811B0078020E /* extension + Int.swift in Sources */,
				88B3BADA27466A0900ECB3EB /* MainCollectionViewCell.swift in Sources */,
				88B3BAC62746382100ECB3EB /* MonthlyReportViewController.swift in Sources */,
				889FC8CA2744DCAF00F16ADF /* SceneDelegate.swift in Sources */,
				884FAAB6274A6D4B009F4A6A /* BudgetModel.swift in Sources */,
				886FD8B9275B932C0078020E /* Data.swift in Sources */,
				88C078D22747D0D800CF0900 /* CategoryPopUpViewController.swift in Sources */,
				88B3BACA27463D9F00ECB3EB /* AddExpenseViewController.swift in Sources */,
				881897BC275FACDB0058175A /* DetailImageViewController.swift in Sources */,
			);
			runOnlyForDeploymentPostprocessing = 0;
		};
/* End PBXSourcesBuildPhase section */

/* Begin PBXVariantGroup section */
		889FC8CD2744DCAF00F16ADF /* Main.storyboard */ = {
			isa = PBXVariantGroup;
			children = (
				889FC8CE2744DCAF00F16ADF /* Base */,
			);
			name = Main.storyboard;
			sourceTree = "<group>";
		};
		889FC8D22744DCB200F16ADF /* LaunchScreen.storyboard */ = {
			isa = PBXVariantGroup;
			children = (
				889FC8D32744DCB200F16ADF /* Base */,
			);
			name = LaunchScreen.storyboard;
			sourceTree = "<group>";
		};
/* End PBXVariantGroup section */

/* Begin XCBuildConfiguration section */
		889FC8D62744DCB200F16ADF /* Debug */ = {
			isa = XCBuildConfiguration;
			buildSettings = {
				ALWAYS_SEARCH_USER_PATHS = NO;
				CLANG_ANALYZER_NONNULL = YES;
				CLANG_ANALYZER_NUMBER_OBJECT_CONVERSION = YES_AGGRESSIVE;
				CLANG_CXX_LANGUAGE_STANDARD = "gnu++17";
				CLANG_CXX_LIBRARY = "libc++";
				CLANG_ENABLE_MODULES = YES;
				CLANG_ENABLE_OBJC_ARC = YES;
				CLANG_ENABLE_OBJC_WEAK = YES;
				CLANG_WARN_BLOCK_CAPTURE_AUTORELEASING = YES;
				CLANG_WARN_BOOL_CONVERSION = YES;
				CLANG_WARN_COMMA = YES;
				CLANG_WARN_CONSTANT_CONVERSION = YES;
				CLANG_WARN_DEPRECATED_OBJC_IMPLEMENTATIONS = YES;
				CLANG_WARN_DIRECT_OBJC_ISA_USAGE = YES_ERROR;
				CLANG_WARN_DOCUMENTATION_COMMENTS = YES;
				CLANG_WARN_EMPTY_BODY = YES;
				CLANG_WARN_ENUM_CONVERSION = YES;
				CLANG_WARN_INFINITE_RECURSION = YES;
				CLANG_WARN_INT_CONVERSION = YES;
				CLANG_WARN_NON_LITERAL_NULL_CONVERSION = YES;
				CLANG_WARN_OBJC_IMPLICIT_RETAIN_SELF = YES;
				CLANG_WARN_OBJC_LITERAL_CONVERSION = YES;
				CLANG_WARN_OBJC_ROOT_CLASS = YES_ERROR;
				CLANG_WARN_QUOTED_INCLUDE_IN_FRAMEWORK_HEADER = YES;
				CLANG_WARN_RANGE_LOOP_ANALYSIS = YES;
				CLANG_WARN_STRICT_PROTOTYPES = YES;
				CLANG_WARN_SUSPICIOUS_MOVE = YES;
				CLANG_WARN_UNGUARDED_AVAILABILITY = YES_AGGRESSIVE;
				CLANG_WARN_UNREACHABLE_CODE = YES;
				CLANG_WARN__DUPLICATE_METHOD_MATCH = YES;
				COPY_PHASE_STRIP = NO;
				DEBUG_INFORMATION_FORMAT = dwarf;
				ENABLE_STRICT_OBJC_MSGSEND = YES;
				ENABLE_TESTABILITY = YES;
				GCC_C_LANGUAGE_STANDARD = gnu11;
				GCC_DYNAMIC_NO_PIC = NO;
				GCC_NO_COMMON_BLOCKS = YES;
				GCC_OPTIMIZATION_LEVEL = 0;
				GCC_PREPROCESSOR_DEFINITIONS = (
					"DEBUG=1",
					"$(inherited)",
				);
				GCC_WARN_64_TO_32_BIT_CONVERSION = YES;
				GCC_WARN_ABOUT_RETURN_TYPE = YES_ERROR;
				GCC_WARN_UNDECLARED_SELECTOR = YES;
				GCC_WARN_UNINITIALIZED_AUTOS = YES_AGGRESSIVE;
				GCC_WARN_UNUSED_FUNCTION = YES;
				GCC_WARN_UNUSED_VARIABLE = YES;
				IPHONEOS_DEPLOYMENT_TARGET = 14.0;
				MTL_ENABLE_DEBUG_INFO = INCLUDE_SOURCE;
				MTL_FAST_MATH = YES;
				ONLY_ACTIVE_ARCH = YES;
				SDKROOT = iphoneos;
				SWIFT_ACTIVE_COMPILATION_CONDITIONS = DEBUG;
				SWIFT_OPTIMIZATION_LEVEL = "-Onone";
			};
			name = Debug;
		};
		889FC8D72744DCB200F16ADF /* Release */ = {
			isa = XCBuildConfiguration;
			buildSettings = {
				ALWAYS_SEARCH_USER_PATHS = NO;
				CLANG_ANALYZER_NONNULL = YES;
				CLANG_ANALYZER_NUMBER_OBJECT_CONVERSION = YES_AGGRESSIVE;
				CLANG_CXX_LANGUAGE_STANDARD = "gnu++17";
				CLANG_CXX_LIBRARY = "libc++";
				CLANG_ENABLE_MODULES = YES;
				CLANG_ENABLE_OBJC_ARC = YES;
				CLANG_ENABLE_OBJC_WEAK = YES;
				CLANG_WARN_BLOCK_CAPTURE_AUTORELEASING = YES;
				CLANG_WARN_BOOL_CONVERSION = YES;
				CLANG_WARN_COMMA = YES;
				CLANG_WARN_CONSTANT_CONVERSION = YES;
				CLANG_WARN_DEPRECATED_OBJC_IMPLEMENTATIONS = YES;
				CLANG_WARN_DIRECT_OBJC_ISA_USAGE = YES_ERROR;
				CLANG_WARN_DOCUMENTATION_COMMENTS = YES;
				CLANG_WARN_EMPTY_BODY = YES;
				CLANG_WARN_ENUM_CONVERSION = YES;
				CLANG_WARN_INFINITE_RECURSION = YES;
				CLANG_WARN_INT_CONVERSION = YES;
				CLANG_WARN_NON_LITERAL_NULL_CONVERSION = YES;
				CLANG_WARN_OBJC_IMPLICIT_RETAIN_SELF = YES;
				CLANG_WARN_OBJC_LITERAL_CONVERSION = YES;
				CLANG_WARN_OBJC_ROOT_CLASS = YES_ERROR;
				CLANG_WARN_QUOTED_INCLUDE_IN_FRAMEWORK_HEADER = YES;
				CLANG_WARN_RANGE_LOOP_ANALYSIS = YES;
				CLANG_WARN_STRICT_PROTOTYPES = YES;
				CLANG_WARN_SUSPICIOUS_MOVE = YES;
				CLANG_WARN_UNGUARDED_AVAILABILITY = YES_AGGRESSIVE;
				CLANG_WARN_UNREACHABLE_CODE = YES;
				CLANG_WARN__DUPLICATE_METHOD_MATCH = YES;
				COPY_PHASE_STRIP = NO;
				DEBUG_INFORMATION_FORMAT = "dwarf-with-dsym";
				ENABLE_NS_ASSERTIONS = NO;
				ENABLE_STRICT_OBJC_MSGSEND = YES;
				GCC_C_LANGUAGE_STANDARD = gnu11;
				GCC_NO_COMMON_BLOCKS = YES;
				GCC_WARN_64_TO_32_BIT_CONVERSION = YES;
				GCC_WARN_ABOUT_RETURN_TYPE = YES_ERROR;
				GCC_WARN_UNDECLARED_SELECTOR = YES;
				GCC_WARN_UNINITIALIZED_AUTOS = YES_AGGRESSIVE;
				GCC_WARN_UNUSED_FUNCTION = YES;
				GCC_WARN_UNUSED_VARIABLE = YES;
				IPHONEOS_DEPLOYMENT_TARGET = 14.0;
				MTL_ENABLE_DEBUG_INFO = NO;
				MTL_FAST_MATH = YES;
				SDKROOT = iphoneos;
				SWIFT_COMPILATION_MODE = wholemodule;
				SWIFT_OPTIMIZATION_LEVEL = "-O";
				VALIDATE_PRODUCT = YES;
			};
			name = Release;
		};
		889FC8D92744DCB200F16ADF /* Debug */ = {
			isa = XCBuildConfiguration;
			baseConfigurationReference = F4A3E09FB31EA220BE00D338 /* Pods-BudgetManager.debug.xcconfig */;
			buildSettings = {
				ASSETCATALOG_COMPILER_APPICON_NAME = AppIcon;
				ASSETCATALOG_COMPILER_GLOBAL_ACCENT_COLOR_NAME = AccentColor;
				CODE_SIGN_STYLE = Automatic;
				CURRENT_PROJECT_VERSION = 1;
				DEBUG_INFORMATION_FORMAT = "dwarf-with-dsym";
				DEVELOPMENT_TEAM = XUDFL5KK5Q;
				GENERATE_INFOPLIST_FILE = YES;
				INFOPLIST_FILE = BudgetManager/Info.plist;
				INFOPLIST_KEY_CFBundleDisplayName = "나만의 가계부";
				INFOPLIST_KEY_UIApplicationSupportsIndirectInputEvents = YES;
				INFOPLIST_KEY_UILaunchStoryboardName = LaunchScreen;
				INFOPLIST_KEY_UIMainStoryboardFile = Main;
				INFOPLIST_KEY_UISupportedInterfaceOrientations = UIInterfaceOrientationPortrait;
				INFOPLIST_KEY_UISupportedInterfaceOrientations_iPad = "UIInterfaceOrientationPortrait UIInterfaceOrientationPortraitUpsideDown";
				INFOPLIST_KEY_UISupportedInterfaceOrientations_iPhone = UIInterfaceOrientationPortrait;
				INFOPLIST_KEY_UIUserInterfaceStyle = Light;
				IPHONEOS_DEPLOYMENT_TARGET = 14.0;
				LD_RUNPATH_SEARCH_PATHS = (
					"$(inherited)",
					"@executable_path/Frameworks",
				);
				MARKETING_VERSION = 2.1;
				PRODUCT_BUNDLE_IDENTIFIER = yle.BudgetManager;
				PRODUCT_NAME = "$(TARGET_NAME)";
				SWIFT_EMIT_LOC_STRINGS = YES;
				SWIFT_VERSION = 5.0;
				TARGETED_DEVICE_FAMILY = 1;
			};
			name = Debug;
		};
		889FC8DA2744DCB200F16ADF /* Release */ = {
			isa = XCBuildConfiguration;
			baseConfigurationReference = 6A35960D5FBE6DB9E81229BD /* Pods-BudgetManager.release.xcconfig */;
			buildSettings = {
				ASSETCATALOG_COMPILER_APPICON_NAME = AppIcon;
				ASSETCATALOG_COMPILER_GLOBAL_ACCENT_COLOR_NAME = AccentColor;
				CODE_SIGN_STYLE = Automatic;
				CURRENT_PROJECT_VERSION = 1;
				DEVELOPMENT_TEAM = XUDFL5KK5Q;
				GENERATE_INFOPLIST_FILE = YES;
				INFOPLIST_FILE = BudgetManager/Info.plist;
				INFOPLIST_KEY_CFBundleDisplayName = "나만의 가계부";
				INFOPLIST_KEY_UIApplicationSupportsIndirectInputEvents = YES;
				INFOPLIST_KEY_UILaunchStoryboardName = LaunchScreen;
				INFOPLIST_KEY_UIMainStoryboardFile = Main;
				INFOPLIST_KEY_UISupportedInterfaceOrientations = UIInterfaceOrientationPortrait;
				INFOPLIST_KEY_UISupportedInterfaceOrientations_iPad = "UIInterfaceOrientationPortrait UIInterfaceOrientationPortraitUpsideDown";
				INFOPLIST_KEY_UISupportedInterfaceOrientations_iPhone = UIInterfaceOrientationPortrait;
				INFOPLIST_KEY_UIUserInterfaceStyle = Light;
				IPHONEOS_DEPLOYMENT_TARGET = 14.0;
				LD_RUNPATH_SEARCH_PATHS = (
					"$(inherited)",
					"@executable_path/Frameworks",
				);
				MARKETING_VERSION = 2.1;
				PRODUCT_BUNDLE_IDENTIFIER = yle.BudgetManager;
				PRODUCT_NAME = "$(TARGET_NAME)";
				SWIFT_EMIT_LOC_STRINGS = YES;
				SWIFT_VERSION = 5.0;
				TARGETED_DEVICE_FAMILY = 1;
			};
			name = Release;
		};
/* End XCBuildConfiguration section */

/* Begin XCConfigurationList section */
		889FC8BF2744DCAF00F16ADF /* Build configuration list for PBXProject "BudgetManager" */ = {
			isa = XCConfigurationList;
			buildConfigurations = (
				889FC8D62744DCB200F16ADF /* Debug */,
				889FC8D72744DCB200F16ADF /* Release */,
			);
			defaultConfigurationIsVisible = 0;
			defaultConfigurationName = Release;
		};
		889FC8D82744DCB200F16ADF /* Build configuration list for PBXNativeTarget "BudgetManager" */ = {
			isa = XCConfigurationList;
			buildConfigurations = (
				889FC8D92744DCB200F16ADF /* Debug */,
				889FC8DA2744DCB200F16ADF /* Release */,
			);
			defaultConfigurationIsVisible = 0;
			defaultConfigurationName = Release;
		};
/* End XCConfigurationList section */

/* Begin XCRemoteSwiftPackageReference section */
		882188832760EB2000431789 /* XCRemoteSwiftPackageReference "Zip" */ = {
			isa = XCRemoteSwiftPackageReference;
			repositoryURL = "https://github.com/marmelroy/Zip.git";
			requirement = {
				branch = master;
				kind = branch;
			};
		};
		8885D4DF27489C1800A5EC57 /* XCRemoteSwiftPackageReference "Charts" */ = {
			isa = XCRemoteSwiftPackageReference;
			repositoryURL = "https://github.com/danielgindi/Charts.git";
			requirement = {
				branch = master;
				kind = branch;
			};
		};
		88B3BACB27463EE700ECB3EB /* XCRemoteSwiftPackageReference "FSCalendar" */ = {
			isa = XCRemoteSwiftPackageReference;
			repositoryURL = "https://github.com/WenchaoD/FSCalendar.git";
			requirement = {
				branch = master;
				kind = branch;
			};
		};
		88B3BACE27463EF500ECB3EB /* XCRemoteSwiftPackageReference "Alamofire" */ = {
			isa = XCRemoteSwiftPackageReference;
			repositoryURL = "https://github.com/Alamofire/Alamofire";
			requirement = {
				branch = master;
				kind = branch;
			};
		};
		88B3BAD127463F0200ECB3EB /* XCRemoteSwiftPackageReference "SwiftyJSON" */ = {
			isa = XCRemoteSwiftPackageReference;
			repositoryURL = "https://github.com/SwiftyJSON/SwiftyJSON";
			requirement = {
				branch = master;
				kind = branch;
			};
		};
		88B3BAD427463F2B00ECB3EB /* XCRemoteSwiftPackageReference "realm-cocoa" */ = {
			isa = XCRemoteSwiftPackageReference;
			repositoryURL = "https://github.com/realm/realm-cocoa";
			requirement = {
				branch = master;
				kind = branch;
			};
		};
		88D4F35927538BF3000E807E /* XCRemoteSwiftPackageReference "IQKeyboardManager" */ = {
			isa = XCRemoteSwiftPackageReference;
			repositoryURL = "https://github.com/hackiftekhar/IQKeyboardManager.git";
			requirement = {
				branch = master;
				kind = branch;
			};
		};
/* End XCRemoteSwiftPackageReference section */

/* Begin XCSwiftPackageProductDependency section */
		882188842760EB2000431789 /* Zip */ = {
			isa = XCSwiftPackageProductDependency;
			package = 882188832760EB2000431789 /* XCRemoteSwiftPackageReference "Zip" */;
			productName = Zip;
		};
		8885D4E027489C1800A5EC57 /* Charts */ = {
			isa = XCSwiftPackageProductDependency;
			package = 8885D4DF27489C1800A5EC57 /* XCRemoteSwiftPackageReference "Charts" */;
			productName = Charts;
		};
		88B3BACC27463EE700ECB3EB /* FSCalendar */ = {
			isa = XCSwiftPackageProductDependency;
			package = 88B3BACB27463EE700ECB3EB /* XCRemoteSwiftPackageReference "FSCalendar" */;
			productName = FSCalendar;
		};
		88B3BACF27463EF500ECB3EB /* Alamofire */ = {
			isa = XCSwiftPackageProductDependency;
			package = 88B3BACE27463EF500ECB3EB /* XCRemoteSwiftPackageReference "Alamofire" */;
			productName = Alamofire;
		};
		88B3BAD227463F0200ECB3EB /* SwiftyJSON */ = {
			isa = XCSwiftPackageProductDependency;
			package = 88B3BAD127463F0200ECB3EB /* XCRemoteSwiftPackageReference "SwiftyJSON" */;
			productName = SwiftyJSON;
		};
		88B3BAD527463F2B00ECB3EB /* Realm */ = {
			isa = XCSwiftPackageProductDependency;
			package = 88B3BAD427463F2B00ECB3EB /* XCRemoteSwiftPackageReference "realm-cocoa" */;
			productName = Realm;
		};
		88B3BAD727463F2B00ECB3EB /* RealmSwift */ = {
			isa = XCSwiftPackageProductDependency;
			package = 88B3BAD427463F2B00ECB3EB /* XCRemoteSwiftPackageReference "realm-cocoa" */;
			productName = RealmSwift;
		};
		88D4F35A27538BF3000E807E /* IQKeyboardManagerSwift */ = {
			isa = XCSwiftPackageProductDependency;
			package = 88D4F35927538BF3000E807E /* XCRemoteSwiftPackageReference "IQKeyboardManager" */;
			productName = IQKeyboardManagerSwift;
		};
/* End XCSwiftPackageProductDependency section */
	};
	rootObject = 889FC8BC2744DCAF00F16ADF /* Project object */;
}
