// !$*UTF8*$!
{
	archiveVersion = 1;
	classes = {
	};
	objectVersion = 55;
	objects = {

/* Begin PBXBuildFile section */
		889FC8C82744DCAF00F16ADF /* AppDelegate.swift in Sources */ = {isa = PBXBuildFile; fileRef = 889FC8C72744DCAF00F16ADF /* AppDelegate.swift */; };
		889FC8CA2744DCAF00F16ADF /* SceneDelegate.swift in Sources */ = {isa = PBXBuildFile; fileRef = 889FC8C92744DCAF00F16ADF /* SceneDelegate.swift */; };
		889FC8CC2744DCAF00F16ADF /* ViewController.swift in Sources */ = {isa = PBXBuildFile; fileRef = 889FC8CB2744DCAF00F16ADF /* ViewController.swift */; };
		889FC8CF2744DCAF00F16ADF /* Main.storyboard in Resources */ = {isa = PBXBuildFile; fileRef = 889FC8CD2744DCAF00F16ADF /* Main.storyboard */; };
		889FC8D12744DCB200F16ADF /* Assets.xcassets in Resources */ = {isa = PBXBuildFile; fileRef = 889FC8D02744DCB200F16ADF /* Assets.xcassets */; };
		889FC8D42744DCB200F16ADF /* LaunchScreen.storyboard in Resources */ = {isa = PBXBuildFile; fileRef = 889FC8D22744DCB200F16ADF /* LaunchScreen.storyboard */; };
		88B3BABD274637AC00ECB3EB /* CalendarSB.storyboard in Resources */ = {isa = PBXBuildFile; fileRef = 88B3BABC274637AC00ECB3EB /* CalendarSB.storyboard */; };
		88B3BABF274637BE00ECB3EB /* MonthlyReportSB.storyboard in Resources */ = {isa = PBXBuildFile; fileRef = 88B3BABE274637BE00ECB3EB /* MonthlyReportSB.storyboard */; };
		88B3BAC1274637CC00ECB3EB /* SettingSB.storyboard in Resources */ = {isa = PBXBuildFile; fileRef = 88B3BAC0274637CC00ECB3EB /* SettingSB.storyboard */; };
		88B3BAC42746380A00ECB3EB /* CalendarViewController.swift in Sources */ = {isa = PBXBuildFile; fileRef = 88B3BAC32746380A00ECB3EB /* CalendarViewController.swift */; };
		88B3BAC62746382100ECB3EB /* MonthlyReportViewController.swift in Sources */ = {isa = PBXBuildFile; fileRef = 88B3BAC52746382100ECB3EB /* MonthlyReportViewController.swift */; };
		88B3BAC82746384300ECB3EB /* SettingViewController.swift in Sources */ = {isa = PBXBuildFile; fileRef = 88B3BAC72746384300ECB3EB /* SettingViewController.swift */; };
		88B3BACA27463D9F00ECB3EB /* AddExpenseViewController.swift in Sources */ = {isa = PBXBuildFile; fileRef = 88B3BAC927463D9F00ECB3EB /* AddExpenseViewController.swift */; };
		88B3BACD27463EE700ECB3EB /* FSCalendar in Frameworks */ = {isa = PBXBuildFile; productRef = 88B3BACC27463EE700ECB3EB /* FSCalendar */; };
		88B3BAD027463EF500ECB3EB /* Alamofire in Frameworks */ = {isa = PBXBuildFile; productRef = 88B3BACF27463EF500ECB3EB /* Alamofire */; };
		88B3BAD327463F0200ECB3EB /* SwiftyJSON in Frameworks */ = {isa = PBXBuildFile; productRef = 88B3BAD227463F0200ECB3EB /* SwiftyJSON */; };
		88B3BAD627463F2B00ECB3EB /* Realm in Frameworks */ = {isa = PBXBuildFile; productRef = 88B3BAD527463F2B00ECB3EB /* Realm */; };
		88B3BAD827463F2B00ECB3EB /* RealmSwift in Frameworks */ = {isa = PBXBuildFile; productRef = 88B3BAD727463F2B00ECB3EB /* RealmSwift */; };
		88B3BADA27466A0900ECB3EB /* MainCollectionViewCell.swift in Sources */ = {isa = PBXBuildFile; fileRef = 88B3BAD927466A0900ECB3EB /* MainCollectionViewCell.swift */; };
		88C078D22747D0D800CF0900 /* CategoryPopUpViewController.swift in Sources */ = {isa = PBXBuildFile; fileRef = 88C078D12747D0D800CF0900 /* CategoryPopUpViewController.swift */; };
/* End PBXBuildFile section */

/* Begin PBXFileReference section */
		889FC8C42744DCAF00F16ADF /* BudgetManager.app */ = {isa = PBXFileReference; explicitFileType = wrapper.application; includeInIndex = 0; path = BudgetManager.app; sourceTree = BUILT_PRODUCTS_DIR; };
		889FC8C72744DCAF00F16ADF /* AppDelegate.swift */ = {isa = PBXFileReference; lastKnownFileType = sourcecode.swift; path = AppDelegate.swift; sourceTree = "<group>"; };
		889FC8C92744DCAF00F16ADF /* SceneDelegate.swift */ = {isa = PBXFileReference; lastKnownFileType = sourcecode.swift; path = SceneDelegate.swift; sourceTree = "<group>"; };
		889FC8CB2744DCAF00F16ADF /* ViewController.swift */ = {isa = PBXFileReference; lastKnownFileType = sourcecode.swift; path = ViewController.swift; sourceTree = "<group>"; };
		889FC8CE2744DCAF00F16ADF /* Base */ = {isa = PBXFileReference; lastKnownFileType = file.storyboard; name = Base; path = Base.lproj/Main.storyboard; sourceTree = "<group>"; };
		889FC8D02744DCB200F16ADF /* Assets.xcassets */ = {isa = PBXFileReference; lastKnownFileType = folder.assetcatalog; path = Assets.xcassets; sourceTree = "<group>"; };
		889FC8D32744DCB200F16ADF /* Base */ = {isa = PBXFileReference; lastKnownFileType = file.storyboard; name = Base; path = Base.lproj/LaunchScreen.storyboard; sourceTree = "<group>"; };
		889FC8D52744DCB200F16ADF /* Info.plist */ = {isa = PBXFileReference; lastKnownFileType = text.plist.xml; path = Info.plist; sourceTree = "<group>"; };
		88B3BABC274637AC00ECB3EB /* CalendarSB.storyboard */ = {isa = PBXFileReference; lastKnownFileType = file.storyboard; path = CalendarSB.storyboard; sourceTree = "<group>"; };
		88B3BABE274637BE00ECB3EB /* MonthlyReportSB.storyboard */ = {isa = PBXFileReference; lastKnownFileType = file.storyboard; path = MonthlyReportSB.storyboard; sourceTree = "<group>"; };
		88B3BAC0274637CC00ECB3EB /* SettingSB.storyboard */ = {isa = PBXFileReference; lastKnownFileType = file.storyboard; path = SettingSB.storyboard; sourceTree = "<group>"; };
		88B3BAC32746380A00ECB3EB /* CalendarViewController.swift */ = {isa = PBXFileReference; lastKnownFileType = sourcecode.swift; path = CalendarViewController.swift; sourceTree = "<group>"; };
		88B3BAC52746382100ECB3EB /* MonthlyReportViewController.swift */ = {isa = PBXFileReference; lastKnownFileType = sourcecode.swift; path = MonthlyReportViewController.swift; sourceTree = "<group>"; };
		88B3BAC72746384300ECB3EB /* SettingViewController.swift */ = {isa = PBXFileReference; lastKnownFileType = sourcecode.swift; path = SettingViewController.swift; sourceTree = "<group>"; };
		88B3BAC927463D9F00ECB3EB /* AddExpenseViewController.swift */ = {isa = PBXFileReference; lastKnownFileType = sourcecode.swift; path = AddExpenseViewController.swift; sourceTree = "<group>"; };
		88B3BAD927466A0900ECB3EB /* MainCollectionViewCell.swift */ = {isa = PBXFileReference; lastKnownFileType = sourcecode.swift; path = MainCollectionViewCell.swift; sourceTree = "<group>"; };
		88C078D12747D0D800CF0900 /* CategoryPopUpViewController.swift */ = {isa = PBXFileReference; lastKnownFileType = sourcecode.swift; path = CategoryPopUpViewController.swift; sourceTree = "<group>"; };
/* End PBXFileReference section */

/* Begin PBXFrameworksBuildPhase section */
		889FC8C12744DCAF00F16ADF /* Frameworks */ = {
			isa = PBXFrameworksBuildPhase;
			buildActionMask = 2147483647;
			files = (
				88B3BAD327463F0200ECB3EB /* SwiftyJSON in Frameworks */,
				88B3BACD27463EE700ECB3EB /* FSCalendar in Frameworks */,
				88B3BAD627463F2B00ECB3EB /* Realm in Frameworks */,
				88B3BAD827463F2B00ECB3EB /* RealmSwift in Frameworks */,
				88B3BAD027463EF500ECB3EB /* Alamofire in Frameworks */,
			);
			runOnlyForDeploymentPostprocessing = 0;
		};
/* End PBXFrameworksBuildPhase section */

/* Begin PBXGroup section */
		889FC8BB2744DCAF00F16ADF = {
			isa = PBXGroup;
			children = (
				889FC8C62744DCAF00F16ADF /* BudgetManager */,
				889FC8C52744DCAF00F16ADF /* Products */,
			);
			sourceTree = "<group>";
		};
		889FC8C52744DCAF00F16ADF /* Products */ = {
			isa = PBXGroup;
			children = (
				889FC8C42744DCAF00F16ADF /* BudgetManager.app */,
			);
			name = Products;
			sourceTree = "<group>";
		};
		889FC8C62744DCAF00F16ADF /* BudgetManager */ = {
			isa = PBXGroup;
			children = (
				889FC8C72744DCAF00F16ADF /* AppDelegate.swift */,
				889FC8CD2744DCAF00F16ADF /* Main.storyboard */,
				88C078D12747D0D800CF0900 /* CategoryPopUpViewController.swift */,
				88B3BAD927466A0900ECB3EB /* MainCollectionViewCell.swift */,
				88B3BAC927463D9F00ECB3EB /* AddExpenseViewController.swift */,
				889FC8CB2744DCAF00F16ADF /* ViewController.swift */,
				889FC8D22744DCB200F16ADF /* LaunchScreen.storyboard */,
				88B3BABC274637AC00ECB3EB /* CalendarSB.storyboard */,
				88B3BAC32746380A00ECB3EB /* CalendarViewController.swift */,
				88B3BABE274637BE00ECB3EB /* MonthlyReportSB.storyboard */,
				88B3BAC52746382100ECB3EB /* MonthlyReportViewController.swift */,
				88B3BAC0274637CC00ECB3EB /* SettingSB.storyboard */,
				88B3BAC72746384300ECB3EB /* SettingViewController.swift */,
				889FC8D02744DCB200F16ADF /* Assets.xcassets */,
				88B3BAC2274637E700ECB3EB /* Supporting Files */,
				889FC8D52744DCB200F16ADF /* Info.plist */,
			);
			path = BudgetManager;
			sourceTree = "<group>";
		};
		88B3BAC2274637E700ECB3EB /* Supporting Files */ = {
			isa = PBXGroup;
			children = (
				889FC8C92744DCAF00F16ADF /* SceneDelegate.swift */,
			);
			path = "Supporting Files";
			sourceTree = "<group>";
		};
/* End PBXGroup section */

/* Begin PBXNativeTarget section */
		889FC8C32744DCAF00F16ADF /* BudgetManager */ = {
			isa = PBXNativeTarget;
			buildConfigurationList = 889FC8D82744DCB200F16ADF /* Build configuration list for PBXNativeTarget "BudgetManager" */;
			buildPhases = (
				889FC8C02744DCAF00F16ADF /* Sources */,
				889FC8C12744DCAF00F16ADF /* Frameworks */,
				889FC8C22744DCAF00F16ADF /* Resources */,
			);
			buildRules = (
			);
			dependencies = (
			);
			name = BudgetManager;
			packageProductDependencies = (
				88B3BACC27463EE700ECB3EB /* FSCalendar */,
				88B3BACF27463EF500ECB3EB /* Alamofire */,
				88B3BAD227463F0200ECB3EB /* SwiftyJSON */,
				88B3BAD527463F2B00ECB3EB /* Realm */,
				88B3BAD727463F2B00ECB3EB /* RealmSwift */,
			);
			productName = BudgetManager;
			productReference = 889FC8C42744DCAF00F16ADF /* BudgetManager.app */;
			productType = "com.apple.product-type.application";
		};
/* End PBXNativeTarget section */

/* Begin PBXProject section */
		889FC8BC2744DCAF00F16ADF /* Project object */ = {
			isa = PBXProject;
			attributes = {
				BuildIndependentTargetsInParallel = 1;
				LastSwiftUpdateCheck = 1300;
				LastUpgradeCheck = 1300;
				TargetAttributes = {
					889FC8C32744DCAF00F16ADF = {
						CreatedOnToolsVersion = 13.0;
					};
				};
			};
			buildConfigurationList = 889FC8BF2744DCAF00F16ADF /* Build configuration list for PBXProject "BudgetManager" */;
			compatibilityVersion = "Xcode 13.0";
			developmentRegion = en;
			hasScannedForEncodings = 0;
			knownRegions = (
				en,
				Base,
			);
			mainGroup = 889FC8BB2744DCAF00F16ADF;
			packageReferences = (
				88B3BACB27463EE700ECB3EB /* XCRemoteSwiftPackageReference "FSCalendar" */,
				88B3BACE27463EF500ECB3EB /* XCRemoteSwiftPackageReference "Alamofire" */,
				88B3BAD127463F0200ECB3EB /* XCRemoteSwiftPackageReference "SwiftyJSON" */,
				88B3BAD427463F2B00ECB3EB /* XCRemoteSwiftPackageReference "realm-cocoa" */,
			);
			productRefGroup = 889FC8C52744DCAF00F16ADF /* Products */;
			projectDirPath = "";
			projectRoot = "";
			targets = (
				889FC8C32744DCAF00F16ADF /* BudgetManager */,
			);
		};
/* End PBXProject section */

/* Begin PBXResourcesBuildPhase section */
		889FC8C22744DCAF00F16ADF /* Resources */ = {
			isa = PBXResourcesBuildPhase;
			buildActionMask = 2147483647;
			files = (
				889FC8D42744DCB200F16ADF /* LaunchScreen.storyboard in Resources */,
				889FC8D12744DCB200F16ADF /* Assets.xcassets in Resources */,
				88B3BABF274637BE00ECB3EB /* MonthlyReportSB.storyboard in Resources */,
				889FC8CF2744DCAF00F16ADF /* Main.storyboard in Resources */,
				88B3BAC1274637CC00ECB3EB /* SettingSB.storyboard in Resources */,
				88B3BABD274637AC00ECB3EB /* CalendarSB.storyboard in Resources */,
			);
			runOnlyForDeploymentPostprocessing = 0;
		};
/* End PBXResourcesBuildPhase section */

/* Begin PBXSourcesBuildPhase section */
		889FC8C02744DCAF00F16ADF /* Sources */ = {
			isa = PBXSourcesBuildPhase;
			buildActionMask = 2147483647;
			files = (
				88B3BAC42746380A00ECB3EB /* CalendarViewController.swift in Sources */,
				889FC8CC2744DCAF00F16ADF /* ViewController.swift in Sources */,
				889FC8C82744DCAF00F16ADF /* AppDelegate.swift in Sources */,
				88B3BADA27466A0900ECB3EB /* MainCollectionViewCell.swift in Sources */,
				88B3BAC62746382100ECB3EB /* MonthlyReportViewController.swift in Sources */,
				889FC8CA2744DCAF00F16ADF /* SceneDelegate.swift in Sources */,
				88C078D22747D0D800CF0900 /* CategoryPopUpViewController.swift in Sources */,
				88B3BAC82746384300ECB3EB /* SettingViewController.swift in Sources */,
				88B3BACA27463D9F00ECB3EB /* AddExpenseViewController.swift in Sources */,
			);
			runOnlyForDeploymentPostprocessing = 0;
		};
/* End PBXSourcesBuildPhase section */

/* Begin PBXVariantGroup section */
		889FC8CD2744DCAF00F16ADF /* Main.storyboard */ = {
			isa = PBXVariantGroup;
			children = (
				889FC8CE2744DCAF00F16ADF /* Base */,
			);
			name = Main.storyboard;
			sourceTree = "<group>";
		};
		889FC8D22744DCB200F16ADF /* LaunchScreen.storyboard */ = {
			isa = PBXVariantGroup;
			children = (
				889FC8D32744DCB200F16ADF /* Base */,
			);
			name = LaunchScreen.storyboard;
			sourceTree = "<group>";
		};
/* End PBXVariantGroup section */

/* Begin XCBuildConfiguration section */
		889FC8D62744DCB200F16ADF /* Debug */ = {
			isa = XCBuildConfiguration;
			buildSettings = {
				ALWAYS_SEARCH_USER_PATHS = NO;
				CLANG_ANALYZER_NONNULL = YES;
				CLANG_ANALYZER_NUMBER_OBJECT_CONVERSION = YES_AGGRESSIVE;
				CLANG_CXX_LANGUAGE_STANDARD = "gnu++17";
				CLANG_CXX_LIBRARY = "libc++";
				CLANG_ENABLE_MODULES = YES;
				CLANG_ENABLE_OBJC_ARC = YES;
				CLANG_ENABLE_OBJC_WEAK = YES;
				CLANG_WARN_BLOCK_CAPTURE_AUTORELEASING = YES;
				CLANG_WARN_BOOL_CONVERSION = YES;
				CLANG_WARN_COMMA = YES;
				CLANG_WARN_CONSTANT_CONVERSION = YES;
				CLANG_WARN_DEPRECATED_OBJC_IMPLEMENTATIONS = YES;
				CLANG_WARN_DIRECT_OBJC_ISA_USAGE = YES_ERROR;
				CLANG_WARN_DOCUMENTATION_COMMENTS = YES;
				CLANG_WARN_EMPTY_BODY = YES;
				CLANG_WARN_ENUM_CONVERSION = YES;
				CLANG_WARN_INFINITE_RECURSION = YES;
				CLANG_WARN_INT_CONVERSION = YES;
				CLANG_WARN_NON_LITERAL_NULL_CONVERSION = YES;
				CLANG_WARN_OBJC_IMPLICIT_RETAIN_SELF = YES;
				CLANG_WARN_OBJC_LITERAL_CONVERSION = YES;
				CLANG_WARN_OBJC_ROOT_CLASS = YES_ERROR;
				CLANG_WARN_QUOTED_INCLUDE_IN_FRAMEWORK_HEADER = YES;
				CLANG_WARN_RANGE_LOOP_ANALYSIS = YES;
				CLANG_WARN_STRICT_PROTOTYPES = YES;
				CLANG_WARN_SUSPICIOUS_MOVE = YES;
				CLANG_WARN_UNGUARDED_AVAILABILITY = YES_AGGRESSIVE;
				CLANG_WARN_UNREACHABLE_CODE = YES;
				CLANG_WARN__DUPLICATE_METHOD_MATCH = YES;
				COPY_PHASE_STRIP = NO;
				DEBUG_INFORMATION_FORMAT = dwarf;
				ENABLE_STRICT_OBJC_MSGSEND = YES;
				ENABLE_TESTABILITY = YES;
				GCC_C_LANGUAGE_STANDARD = gnu11;
				GCC_DYNAMIC_NO_PIC = NO;
				GCC_NO_COMMON_BLOCKS = YES;
				GCC_OPTIMIZATION_LEVEL = 0;
				GCC_PREPROCESSOR_DEFINITIONS = (
					"DEBUG=1",
					"$(inherited)",
				);
				GCC_WARN_64_TO_32_BIT_CONVERSION = YES;
				GCC_WARN_ABOUT_RETURN_TYPE = YES_ERROR;
				GCC_WARN_UNDECLARED_SELECTOR = YES;
				GCC_WARN_UNINITIALIZED_AUTOS = YES_AGGRESSIVE;
				GCC_WARN_UNUSED_FUNCTION = YES;
				GCC_WARN_UNUSED_VARIABLE = YES;
				IPHONEOS_DEPLOYMENT_TARGET = 13.0;
				MTL_ENABLE_DEBUG_INFO = INCLUDE_SOURCE;
				MTL_FAST_MATH = YES;
				ONLY_ACTIVE_ARCH = YES;
				SDKROOT = iphoneos;
				SWIFT_ACTIVE_COMPILATION_CONDITIONS = DEBUG;
				SWIFT_OPTIMIZATION_LEVEL = "-Onone";
			};
			name = Debug;
		};
		889FC8D72744DCB200F16ADF /* Release */ = {
			isa = XCBuildConfiguration;
			buildSettings = {
				ALWAYS_SEARCH_USER_PATHS = NO;
				CLANG_ANALYZER_NONNULL = YES;
				CLANG_ANALYZER_NUMBER_OBJECT_CONVERSION = YES_AGGRESSIVE;
				CLANG_CXX_LANGUAGE_STANDARD = "gnu++17";
				CLANG_CXX_LIBRARY = "libc++";
				CLANG_ENABLE_MODULES = YES;
				CLANG_ENABLE_OBJC_ARC = YES;
				CLANG_ENABLE_OBJC_WEAK = YES;
				CLANG_WARN_BLOCK_CAPTURE_AUTORELEASING = YES;
				CLANG_WARN_BOOL_CONVERSION = YES;
				CLANG_WARN_COMMA = YES;
				CLANG_WARN_CONSTANT_CONVERSION = YES;
				CLANG_WARN_DEPRECATED_OBJC_IMPLEMENTATIONS = YES;
				CLANG_WARN_DIRECT_OBJC_ISA_USAGE = YES_ERROR;
				CLANG_WARN_DOCUMENTATION_COMMENTS = YES;
				CLANG_WARN_EMPTY_BODY = YES;
				CLANG_WARN_ENUM_CONVERSION = YES;
				CLANG_WARN_INFINITE_RECURSION = YES;
				CLANG_WARN_INT_CONVERSION = YES;
				CLANG_WARN_NON_LITERAL_NULL_CONVERSION = YES;
				CLANG_WARN_OBJC_IMPLICIT_RETAIN_SELF = YES;
				CLANG_WARN_OBJC_LITERAL_CONVERSION = YES;
				CLANG_WARN_OBJC_ROOT_CLASS = YES_ERROR;
				CLANG_WARN_QUOTED_INCLUDE_IN_FRAMEWORK_HEADER = YES;
				CLANG_WARN_RANGE_LOOP_ANALYSIS = YES;
				CLANG_WARN_STRICT_PROTOTYPES = YES;
				CLANG_WARN_SUSPICIOUS_MOVE = YES;
				CLANG_WARN_UNGUARDED_AVAILABILITY = YES_AGGRESSIVE;
				CLANG_WARN_UNREACHABLE_CODE = YES;
				CLANG_WARN__DUPLICATE_METHOD_MATCH = YES;
				COPY_PHASE_STRIP = NO;
				DEBUG_INFORMATION_FORMAT = "dwarf-with-dsym";
				ENABLE_NS_ASSERTIONS = NO;
				ENABLE_STRICT_OBJC_MSGSEND = YES;
				GCC_C_LANGUAGE_STANDARD = gnu11;
				GCC_NO_COMMON_BLOCKS = YES;
				GCC_WARN_64_TO_32_BIT_CONVERSION = YES;
				GCC_WARN_ABOUT_RETURN_TYPE = YES_ERROR;
				GCC_WARN_UNDECLARED_SELECTOR = YES;
				GCC_WARN_UNINITIALIZED_AUTOS = YES_AGGRESSIVE;
				GCC_WARN_UNUSED_FUNCTION = YES;
				GCC_WARN_UNUSED_VARIABLE = YES;
				IPHONEOS_DEPLOYMENT_TARGET = 13.0;
				MTL_ENABLE_DEBUG_INFO = NO;
				MTL_FAST_MATH = YES;
				SDKROOT = iphoneos;
				SWIFT_COMPILATION_MODE = wholemodule;
				SWIFT_OPTIMIZATION_LEVEL = "-O";
				VALIDATE_PRODUCT = YES;
			};
			name = Release;
		};
		889FC8D92744DCB200F16ADF /* Debug */ = {
			isa = XCBuildConfiguration;
			buildSettings = {
				ASSETCATALOG_COMPILER_APPICON_NAME = AppIcon;
				ASSETCATALOG_COMPILER_GLOBAL_ACCENT_COLOR_NAME = AccentColor;
				CODE_SIGN_STYLE = Automatic;
				CURRENT_PROJECT_VERSION = 1;
				DEVELOPMENT_TEAM = XUDFL5KK5Q;
				GENERATE_INFOPLIST_FILE = YES;
				INFOPLIST_FILE = BudgetManager/Info.plist;
				INFOPLIST_KEY_UIApplicationSupportsIndirectInputEvents = YES;
				INFOPLIST_KEY_UILaunchStoryboardName = LaunchScreen;
				INFOPLIST_KEY_UIMainStoryboardFile = Main;
				INFOPLIST_KEY_UISupportedInterfaceOrientations_iPad = "UIInterfaceOrientationPortrait UIInterfaceOrientationPortraitUpsideDown UIInterfaceOrientationLandscapeLeft UIInterfaceOrientationLandscapeRight";
				INFOPLIST_KEY_UISupportedInterfaceOrientations_iPhone = "UIInterfaceOrientationPortrait UIInterfaceOrientationLandscapeLeft UIInterfaceOrientationLandscapeRight";
				LD_RUNPATH_SEARCH_PATHS = (
					"$(inherited)",
					"@executable_path/Frameworks",
				);
				MARKETING_VERSION = 1.0;
				PRODUCT_BUNDLE_IDENTIFIER = yle.BudgetManager;
				PRODUCT_NAME = "$(TARGET_NAME)";
				SWIFT_EMIT_LOC_STRINGS = YES;
				SWIFT_VERSION = 5.0;
				TARGETED_DEVICE_FAMILY = 1;
			};
			name = Debug;
		};
		889FC8DA2744DCB200F16ADF /* Release */ = {
			isa = XCBuildConfiguration;
			buildSettings = {
				ASSETCATALOG_COMPILER_APPICON_NAME = AppIcon;
				ASSETCATALOG_COMPILER_GLOBAL_ACCENT_COLOR_NAME = AccentColor;
				CODE_SIGN_STYLE = Automatic;
				CURRENT_PROJECT_VERSION = 1;
				DEVELOPMENT_TEAM = XUDFL5KK5Q;
				GENERATE_INFOPLIST_FILE = YES;
				INFOPLIST_FILE = BudgetManager/Info.plist;
				INFOPLIST_KEY_UIApplicationSupportsIndirectInputEvents = YES;
				INFOPLIST_KEY_UILaunchStoryboardName = LaunchScreen;
				INFOPLIST_KEY_UIMainStoryboardFile = Main;
				INFOPLIST_KEY_UISupportedInterfaceOrientations_iPad = "UIInterfaceOrientationPortrait UIInterfaceOrientationPortraitUpsideDown UIInterfaceOrientationLandscapeLeft UIInterfaceOrientationLandscapeRight";
				INFOPLIST_KEY_UISupportedInterfaceOrientations_iPhone = "UIInterfaceOrientationPortrait UIInterfaceOrientationLandscapeLeft UIInterfaceOrientationLandscapeRight";
				LD_RUNPATH_SEARCH_PATHS = (
					"$(inherited)",
					"@executable_path/Frameworks",
				);
				MARKETING_VERSION = 1.0;
				PRODUCT_BUNDLE_IDENTIFIER = yle.BudgetManager;
				PRODUCT_NAME = "$(TARGET_NAME)";
				SWIFT_EMIT_LOC_STRINGS = YES;
				SWIFT_VERSION = 5.0;
				TARGETED_DEVICE_FAMILY = 1;
			};
			name = Release;
		};
/* End XCBuildConfiguration section */

/* Begin XCConfigurationList section */
		889FC8BF2744DCAF00F16ADF /* Build configuration list for PBXProject "BudgetManager" */ = {
			isa = XCConfigurationList;
			buildConfigurations = (
				889FC8D62744DCB200F16ADF /* Debug */,
				889FC8D72744DCB200F16ADF /* Release */,
			);
			defaultConfigurationIsVisible = 0;
			defaultConfigurationName = Release;
		};
		889FC8D82744DCB200F16ADF /* Build configuration list for PBXNativeTarget "BudgetManager" */ = {
			isa = XCConfigurationList;
			buildConfigurations = (
				889FC8D92744DCB200F16ADF /* Debug */,
				889FC8DA2744DCB200F16ADF /* Release */,
			);
			defaultConfigurationIsVisible = 0;
			defaultConfigurationName = Release;
		};
/* End XCConfigurationList section */

/* Begin XCRemoteSwiftPackageReference section */
		88B3BACB27463EE700ECB3EB /* XCRemoteSwiftPackageReference "FSCalendar" */ = {
			isa = XCRemoteSwiftPackageReference;
			repositoryURL = "https://github.com/WenchaoD/FSCalendar.git";
			requirement = {
				branch = master;
				kind = branch;
			};
		};
		88B3BACE27463EF500ECB3EB /* XCRemoteSwiftPackageReference "Alamofire" */ = {
			isa = XCRemoteSwiftPackageReference;
			repositoryURL = "https://github.com/Alamofire/Alamofire";
			requirement = {
				branch = master;
				kind = branch;
			};
		};
		88B3BAD127463F0200ECB3EB /* XCRemoteSwiftPackageReference "SwiftyJSON" */ = {
			isa = XCRemoteSwiftPackageReference;
			repositoryURL = "https://github.com/SwiftyJSON/SwiftyJSON";
			requirement = {
				branch = master;
				kind = branch;
			};
		};
		88B3BAD427463F2B00ECB3EB /* XCRemoteSwiftPackageReference "realm-cocoa" */ = {
			isa = XCRemoteSwiftPackageReference;
			repositoryURL = "https://github.com/realm/realm-cocoa";
			requirement = {
				branch = master;
				kind = branch;
			};
		};
/* End XCRemoteSwiftPackageReference section */

/* Begin XCSwiftPackageProductDependency section */
		88B3BACC27463EE700ECB3EB /* FSCalendar */ = {
			isa = XCSwiftPackageProductDependency;
			package = 88B3BACB27463EE700ECB3EB /* XCRemoteSwiftPackageReference "FSCalendar" */;
			productName = FSCalendar;
		};
		88B3BACF27463EF500ECB3EB /* Alamofire */ = {
			isa = XCSwiftPackageProductDependency;
			package = 88B3BACE27463EF500ECB3EB /* XCRemoteSwiftPackageReference "Alamofire" */;
			productName = Alamofire;
		};
		88B3BAD227463F0200ECB3EB /* SwiftyJSON */ = {
			isa = XCSwiftPackageProductDependency;
			package = 88B3BAD127463F0200ECB3EB /* XCRemoteSwiftPackageReference "SwiftyJSON" */;
			productName = SwiftyJSON;
		};
		88B3BAD527463F2B00ECB3EB /* Realm */ = {
			isa = XCSwiftPackageProductDependency;
			package = 88B3BAD427463F2B00ECB3EB /* XCRemoteSwiftPackageReference "realm-cocoa" */;
			productName = Realm;
		};
		88B3BAD727463F2B00ECB3EB /* RealmSwift */ = {
			isa = XCSwiftPackageProductDependency;
			package = 88B3BAD427463F2B00ECB3EB /* XCRemoteSwiftPackageReference "realm-cocoa" */;
			productName = RealmSwift;
		};
/* End XCSwiftPackageProductDependency section */
	};
	rootObject = 889FC8BC2744DCAF00F16ADF /* Project object */;
}
